// !$*UTF8*$!
{
	archiveVersion = 1;
	classes = {
	};
	objectVersion = 55;
	objects = {

/* Begin PBXBuildFile section */
		CB46667C28D483C800C4AD86 /* BullsEyeUIApp.swift in Sources */ = {isa = PBXBuildFile; fileRef = CB46667B28D483C800C4AD86 /* BullsEyeUIApp.swift */; };
		CB46667E28D483C800C4AD86 /* ContentView.swift in Sources */ = {isa = PBXBuildFile; fileRef = CB46667D28D483C800C4AD86 /* ContentView.swift */; };
		CB46668028D483C900C4AD86 /* Assets.xcassets in Resources */ = {isa = PBXBuildFile; fileRef = CB46667F28D483C900C4AD86 /* Assets.xcassets */; };
		CB46668328D483C900C4AD86 /* Preview Assets.xcassets in Resources */ = {isa = PBXBuildFile; fileRef = CB46668228D483C900C4AD86 /* Preview Assets.xcassets */; };
		CB46668D28D754D600C4AD86 /* Game.swift in Sources */ = {isa = PBXBuildFile; fileRef = CB46668C28D754D600C4AD86 /* Game.swift */; };
		CB46669528D7AE8000C4AD86 /* BullsEyeUITests.swift in Sources */ = {isa = PBXBuildFile; fileRef = CB46669428D7AE8000C4AD86 /* BullsEyeUITests.swift */; };
/* End PBXBuildFile section */

/* Begin PBXContainerItemProxy section */
		CB46669628D7AE8000C4AD86 /* PBXContainerItemProxy */ = {
			isa = PBXContainerItemProxy;
			containerPortal = CB46667028D483C800C4AD86 /* Project object */;
			proxyType = 1;
			remoteGlobalIDString = CB46667728D483C800C4AD86;
			remoteInfo = BullsEyeUI;
		};
/* End PBXContainerItemProxy section */

/* Begin PBXFileReference section */
		CB46667828D483C800C4AD86 /* BullsEyeUI.app */ = {isa = PBXFileReference; explicitFileType = wrapper.application; includeInIndex = 0; path = BullsEyeUI.app; sourceTree = BUILT_PRODUCTS_DIR; };
		CB46667B28D483C800C4AD86 /* BullsEyeUIApp.swift */ = {isa = PBXFileReference; lastKnownFileType = sourcecode.swift; path = BullsEyeUIApp.swift; sourceTree = "<group>"; };
		CB46667D28D483C800C4AD86 /* ContentView.swift */ = {isa = PBXFileReference; lastKnownFileType = sourcecode.swift; path = ContentView.swift; sourceTree = "<group>"; tabWidth = 4; };
		CB46667F28D483C900C4AD86 /* Assets.xcassets */ = {isa = PBXFileReference; lastKnownFileType = folder.assetcatalog; path = Assets.xcassets; sourceTree = "<group>"; };
		CB46668228D483C900C4AD86 /* Preview Assets.xcassets */ = {isa = PBXFileReference; lastKnownFileType = folder.assetcatalog; path = "Preview Assets.xcassets"; sourceTree = "<group>"; };
		CB46668C28D754D600C4AD86 /* Game.swift */ = {isa = PBXFileReference; lastKnownFileType = sourcecode.swift; path = Game.swift; sourceTree = "<group>"; };
		CB46669228D7AE8000C4AD86 /* BullsEyeUITests.xctest */ = {isa = PBXFileReference; explicitFileType = wrapper.cfbundle; includeInIndex = 0; path = BullsEyeUITests.xctest; sourceTree = BUILT_PRODUCTS_DIR; };
		CB46669428D7AE8000C4AD86 /* BullsEyeUITests.swift */ = {isa = PBXFileReference; lastKnownFileType = sourcecode.swift; path = BullsEyeUITests.swift; sourceTree = "<group>"; };
/* End PBXFileReference section */

/* Begin PBXFrameworksBuildPhase section */
		CB46667528D483C800C4AD86 /* Frameworks */ = {
			isa = PBXFrameworksBuildPhase;
			buildActionMask = 2147483647;
			files = (
			);
			runOnlyForDeploymentPostprocessing = 0;
		};
		CB46668F28D7AE8000C4AD86 /* Frameworks */ = {
			isa = PBXFrameworksBuildPhase;
			buildActionMask = 2147483647;
			files = (
			);
			runOnlyForDeploymentPostprocessing = 0;
		};
/* End PBXFrameworksBuildPhase section */

/* Begin PBXGroup section */
		CB46666F28D483C800C4AD86 = {
			isa = PBXGroup;
			children = (
				CB46667A28D483C800C4AD86 /* BullsEyeUI */,
				CB46669328D7AE8000C4AD86 /* BullsEyeUITests */,
				CB46667928D483C800C4AD86 /* Products */,
			);
			sourceTree = "<group>";
		};
		CB46667928D483C800C4AD86 /* Products */ = {
			isa = PBXGroup;
			children = (
				CB46667828D483C800C4AD86 /* BullsEyeUI.app */,
				CB46669228D7AE8000C4AD86 /* BullsEyeUITests.xctest */,
			);
			name = Products;
			sourceTree = "<group>";
		};
		CB46667A28D483C800C4AD86 /* BullsEyeUI */ = {
			isa = PBXGroup;
			children = (
				CB46668B28D751F500C4AD86 /* App */,
				CB46668A28D751D200C4AD86 /* Views */,
				CB46668928D751BA00C4AD86 /* Models */,
				CB46668128D483C900C4AD86 /* Preview Content */,
			);
			path = BullsEyeUI;
			sourceTree = "<group>";
		};
		CB46668128D483C900C4AD86 /* Preview Content */ = {
			isa = PBXGroup;
			children = (
				CB46668228D483C900C4AD86 /* Preview Assets.xcassets */,
			);
			path = "Preview Content";
			sourceTree = "<group>";
		};
		CB46668928D751BA00C4AD86 /* Models */ = {
			isa = PBXGroup;
			children = (
				CB46668C28D754D600C4AD86 /* Game.swift */,
			);
			path = Models;
			sourceTree = "<group>";
		};
		CB46668A28D751D200C4AD86 /* Views */ = {
			isa = PBXGroup;
			children = (
				CB46667D28D483C800C4AD86 /* ContentView.swift */,
			);
			path = Views;
			sourceTree = "<group>";
		};
		CB46668B28D751F500C4AD86 /* App */ = {
			isa = PBXGroup;
			children = (
				CB46667B28D483C800C4AD86 /* BullsEyeUIApp.swift */,
				CB46667F28D483C900C4AD86 /* Assets.xcassets */,
			);
			path = App;
			sourceTree = "<group>";
		};
		CB46669328D7AE8000C4AD86 /* BullsEyeUITests */ = {
			isa = PBXGroup;
			children = (
				CB46669428D7AE8000C4AD86 /* BullsEyeUITests.swift */,
			);
			path = BullsEyeUITests;
			sourceTree = "<group>";
		};
/* End PBXGroup section */

/* Begin PBXNativeTarget section */
		CB46667728D483C800C4AD86 /* BullsEyeUI */ = {
			isa = PBXNativeTarget;
			buildConfigurationList = CB46668628D483C900C4AD86 /* Build configuration list for PBXNativeTarget "BullsEyeUI" */;
			buildPhases = (
				CB46667428D483C800C4AD86 /* Sources */,
				CB46667528D483C800C4AD86 /* Frameworks */,
				CB46667628D483C800C4AD86 /* Resources */,
			);
			buildRules = (
			);
			dependencies = (
			);
			name = BullsEyeUI;
			productName = BullsEyeUI;
			productReference = CB46667828D483C800C4AD86 /* BullsEyeUI.app */;
			productType = "com.apple.product-type.application";
		};
		CB46669128D7AE8000C4AD86 /* BullsEyeUITests */ = {
			isa = PBXNativeTarget;
			buildConfigurationList = CB46669828D7AE8000C4AD86 /* Build configuration list for PBXNativeTarget "BullsEyeUITests" */;
			buildPhases = (
				CB46668E28D7AE8000C4AD86 /* Sources */,
				CB46668F28D7AE8000C4AD86 /* Frameworks */,
				CB46669028D7AE8000C4AD86 /* Resources */,
			);
			buildRules = (
			);
			dependencies = (
				CB46669728D7AE8000C4AD86 /* PBXTargetDependency */,
			);
			name = BullsEyeUITests;
			productName = BullsEyeUITests;
			productReference = CB46669228D7AE8000C4AD86 /* BullsEyeUITests.xctest */;
			productType = "com.apple.product-type.bundle.unit-test";
		};
/* End PBXNativeTarget section */

/* Begin PBXProject section */
		CB46667028D483C800C4AD86 /* Project object */ = {
			isa = PBXProject;
			attributes = {
				BuildIndependentTargetsInParallel = 1;
				LastSwiftUpdateCheck = 1340;
				LastUpgradeCheck = 1340;
				TargetAttributes = {
					CB46667728D483C800C4AD86 = {
						CreatedOnToolsVersion = 13.4;
					};
					CB46669128D7AE8000C4AD86 = {
						CreatedOnToolsVersion = 13.4;
						TestTargetID = CB46667728D483C800C4AD86;
					};
				};
			};
			buildConfigurationList = CB46667328D483C800C4AD86 /* Build configuration list for PBXProject "BullsEyeUI" */;
			compatibilityVersion = "Xcode 13.0";
			developmentRegion = en;
			hasScannedForEncodings = 0;
			knownRegions = (
				en,
				Base,
			);
			mainGroup = CB46666F28D483C800C4AD86;
			productRefGroup = CB46667928D483C800C4AD86 /* Products */;
			projectDirPath = "";
			projectRoot = "";
			targets = (
				CB46667728D483C800C4AD86 /* BullsEyeUI */,
				CB46669128D7AE8000C4AD86 /* BullsEyeUITests */,
			);
		};
/* End PBXProject section */

/* Begin PBXResourcesBuildPhase section */
		CB46667628D483C800C4AD86 /* Resources */ = {
			isa = PBXResourcesBuildPhase;
			buildActionMask = 2147483647;
			files = (
				CB46668328D483C900C4AD86 /* Preview Assets.xcassets in Resources */,
				CB46668028D483C900C4AD86 /* Assets.xcassets in Resources */,
			);
			runOnlyForDeploymentPostprocessing = 0;
		};
		CB46669028D7AE8000C4AD86 /* Resources */ = {
			isa = PBXResourcesBuildPhase;
			buildActionMask = 2147483647;
			files = (
			);
			runOnlyForDeploymentPostprocessing = 0;
		};
/* End PBXResourcesBuildPhase section */

/* Begin PBXSourcesBuildPhase section */
		CB46667428D483C800C4AD86 /* Sources */ = {
			isa = PBXSourcesBuildPhase;
			buildActionMask = 2147483647;
			files = (
				CB46667E28D483C800C4AD86 /* ContentView.swift in Sources */,
				CB46668D28D754D600C4AD86 /* Game.swift in Sources */,
				CB46667C28D483C800C4AD86 /* BullsEyeUIApp.swift in Sources */,
			);
			runOnlyForDeploymentPostprocessing = 0;
		};
		CB46668E28D7AE8000C4AD86 /* Sources */ = {
			isa = PBXSourcesBuildPhase;
			buildActionMask = 2147483647;
			files = (
				CB46669528D7AE8000C4AD86 /* BullsEyeUITests.swift in Sources */,
			);
			runOnlyForDeploymentPostprocessing = 0;
		};
/* End PBXSourcesBuildPhase section */

/* Begin PBXTargetDependency section */
		CB46669728D7AE8000C4AD86 /* PBXTargetDependency */ = {
			isa = PBXTargetDependency;
			target = CB46667728D483C800C4AD86 /* BullsEyeUI */;
			targetProxy = CB46669628D7AE8000C4AD86 /* PBXContainerItemProxy */;
		};
/* End PBXTargetDependency section */

/* Begin XCBuildConfiguration section */
		CB46668428D483C900C4AD86 /* Debug */ = {
			isa = XCBuildConfiguration;
			buildSettings = {
				ALWAYS_SEARCH_USER_PATHS = NO;
				CLANG_ANALYZER_NONNULL = YES;
				CLANG_ANALYZER_NUMBER_OBJECT_CONVERSION = YES_AGGRESSIVE;
				CLANG_CXX_LANGUAGE_STANDARD = "gnu++17";
				CLANG_ENABLE_MODULES = YES;
				CLANG_ENABLE_OBJC_ARC = YES;
				CLANG_ENABLE_OBJC_WEAK = YES;
				CLANG_WARN_BLOCK_CAPTURE_AUTORELEASING = YES;
				CLANG_WARN_BOOL_CONVERSION = YES;
				CLANG_WARN_COMMA = YES;
				CLANG_WARN_CONSTANT_CONVERSION = YES;
				CLANG_WARN_DEPRECATED_OBJC_IMPLEMENTATIONS = YES;
				CLANG_WARN_DIRECT_OBJC_ISA_USAGE = YES_ERROR;
				CLANG_WARN_DOCUMENTATION_COMMENTS = YES;
				CLANG_WARN_EMPTY_BODY = YES;
				CLANG_WARN_ENUM_CONVERSION = YES;
				CLANG_WARN_INFINITE_RECURSION = YES;
				CLANG_WARN_INT_CONVERSION = YES;
				CLANG_WARN_NON_LITERAL_NULL_CONVERSION = YES;
				CLANG_WARN_OBJC_IMPLICIT_RETAIN_SELF = YES;
				CLANG_WARN_OBJC_LITERAL_CONVERSION = YES;
				CLANG_WARN_OBJC_ROOT_CLASS = YES_ERROR;
				CLANG_WARN_QUOTED_INCLUDE_IN_FRAMEWORK_HEADER = YES;
				CLANG_WARN_RANGE_LOOP_ANALYSIS = YES;
				CLANG_WARN_STRICT_PROTOTYPES = YES;
				CLANG_WARN_SUSPICIOUS_MOVE = YES;
				CLANG_WARN_UNGUARDED_AVAILABILITY = YES_AGGRESSIVE;
				CLANG_WARN_UNREACHABLE_CODE = YES;
				CLANG_WARN__DUPLICATE_METHOD_MATCH = YES;
				COPY_PHASE_STRIP = NO;
				DEBUG_INFORMATION_FORMAT = dwarf;
				ENABLE_STRICT_OBJC_MSGSEND = YES;
				ENABLE_TESTABILITY = YES;
				GCC_C_LANGUAGE_STANDARD = gnu11;
				GCC_DYNAMIC_NO_PIC = NO;
				GCC_NO_COMMON_BLOCKS = YES;
				GCC_OPTIMIZATION_LEVEL = 0;
				GCC_PREPROCESSOR_DEFINITIONS = (
					"DEBUG=1",
					"$(inherited)",
				);
				GCC_WARN_64_TO_32_BIT_CONVERSION = YES;
				GCC_WARN_ABOUT_RETURN_TYPE = YES_ERROR;
				GCC_WARN_UNDECLARED_SELECTOR = YES;
				GCC_WARN_UNINITIALIZED_AUTOS = YES_AGGRESSIVE;
				GCC_WARN_UNUSED_FUNCTION = YES;
				GCC_WARN_UNUSED_VARIABLE = YES;
				IPHONEOS_DEPLOYMENT_TARGET = 15.5;
				MTL_ENABLE_DEBUG_INFO = INCLUDE_SOURCE;
				MTL_FAST_MATH = YES;
				ONLY_ACTIVE_ARCH = YES;
				SDKROOT = iphoneos;
				SWIFT_ACTIVE_COMPILATION_CONDITIONS = DEBUG;
				SWIFT_OPTIMIZATION_LEVEL = "-Onone";
			};
			name = Debug;
		};
		CB46668528D483C900C4AD86 /* Release */ = {
			isa = XCBuildConfiguration;
			buildSettings = {
				ALWAYS_SEARCH_USER_PATHS = NO;
				CLANG_ANALYZER_NONNULL = YES;
				CLANG_ANALYZER_NUMBER_OBJECT_CONVERSION = YES_AGGRESSIVE;
				CLANG_CXX_LANGUAGE_STANDARD = "gnu++17";
				CLANG_ENABLE_MODULES = YES;
				CLANG_ENABLE_OBJC_ARC = YES;
				CLANG_ENABLE_OBJC_WEAK = YES;
				CLANG_WARN_BLOCK_CAPTURE_AUTORELEASING = YES;
				CLANG_WARN_BOOL_CONVERSION = YES;
				CLANG_WARN_COMMA = YES;
				CLANG_WARN_CONSTANT_CONVERSION = YES;
				CLANG_WARN_DEPRECATED_OBJC_IMPLEMENTATIONS = YES;
				CLANG_WARN_DIRECT_OBJC_ISA_USAGE = YES_ERROR;
				CLANG_WARN_DOCUMENTATION_COMMENTS = YES;
				CLANG_WARN_EMPTY_BODY = YES;
				CLANG_WARN_ENUM_CONVERSION = YES;
				CLANG_WARN_INFINITE_RECURSION = YES;
				CLANG_WARN_INT_CONVERSION = YES;
				CLANG_WARN_NON_LITERAL_NULL_CONVERSION = YES;
				CLANG_WARN_OBJC_IMPLICIT_RETAIN_SELF = YES;
				CLANG_WARN_OBJC_LITERAL_CONVERSION = YES;
				CLANG_WARN_OBJC_ROOT_CLASS = YES_ERROR;
				CLANG_WARN_QUOTED_INCLUDE_IN_FRAMEWORK_HEADER = YES;
				CLANG_WARN_RANGE_LOOP_ANALYSIS = YES;
				CLANG_WARN_STRICT_PROTOTYPES = YES;
				CLANG_WARN_SUSPICIOUS_MOVE = YES;
				CLANG_WARN_UNGUARDED_AVAILABILITY = YES_AGGRESSIVE;
				CLANG_WARN_UNREACHABLE_CODE = YES;
				CLANG_WARN__DUPLICATE_METHOD_MATCH = YES;
				COPY_PHASE_STRIP = NO;
				DEBUG_INFORMATION_FORMAT = "dwarf-with-dsym";
				ENABLE_NS_ASSERTIONS = NO;
				ENABLE_STRICT_OBJC_MSGSEND = YES;
				GCC_C_LANGUAGE_STANDARD = gnu11;
				GCC_NO_COMMON_BLOCKS = YES;
				GCC_WARN_64_TO_32_BIT_CONVERSION = YES;
				GCC_WARN_ABOUT_RETURN_TYPE = YES_ERROR;
				GCC_WARN_UNDECLARED_SELECTOR = YES;
				GCC_WARN_UNINITIALIZED_AUTOS = YES_AGGRESSIVE;
				GCC_WARN_UNUSED_FUNCTION = YES;
				GCC_WARN_UNUSED_VARIABLE = YES;
				IPHONEOS_DEPLOYMENT_TARGET = 15.5;
				MTL_ENABLE_DEBUG_INFO = NO;
				MTL_FAST_MATH = YES;
				SDKROOT = iphoneos;
				SWIFT_COMPILATION_MODE = wholemodule;
				SWIFT_OPTIMIZATION_LEVEL = "-O";
				VALIDATE_PRODUCT = YES;
			};
			name = Release;
		};
		CB46668728D483C900C4AD86 /* Debug */ = {
			isa = XCBuildConfiguration;
			buildSettings = {
				ASSETCATALOG_COMPILER_APPICON_NAME = AppIcon;
				ASSETCATALOG_COMPILER_GLOBAL_ACCENT_COLOR_NAME = AccentColor;
				CODE_SIGN_STYLE = Automatic;
				CURRENT_PROJECT_VERSION = 1;
				DEVELOPMENT_ASSET_PATHS = "\"BullsEyeUI/Preview Content\"";
				ENABLE_PREVIEWS = YES;
				GENERATE_INFOPLIST_FILE = YES;
				INFOPLIST_KEY_UIApplicationSceneManifest_Generation = YES;
				INFOPLIST_KEY_UIApplicationSupportsIndirectInputEvents = YES;
				INFOPLIST_KEY_UILaunchScreen_Generation = YES;
				INFOPLIST_KEY_UISupportedInterfaceOrientations_iPad = "UIInterfaceOrientationPortrait UIInterfaceOrientationPortraitUpsideDown UIInterfaceOrientationLandscapeLeft UIInterfaceOrientationLandscapeRight";
				INFOPLIST_KEY_UISupportedInterfaceOrientations_iPhone = "UIInterfaceOrientationPortrait UIInterfaceOrientationLandscapeLeft UIInterfaceOrientationLandscapeRight";
				LD_RUNPATH_SEARCH_PATHS = (
					"$(inherited)",
					"@executable_path/Frameworks",
				);
				MARKETING_VERSION = 1.1;
				PRODUCT_BUNDLE_IDENTIFIER = com.raz.BullsEyeUI;
				PRODUCT_NAME = "$(TARGET_NAME)";
				SWIFT_EMIT_LOC_STRINGS = YES;
				SWIFT_VERSION = 5.0;
				TARGETED_DEVICE_FAMILY = "1,2";
			};
			name = Debug;
		};
		CB46668828D483C900C4AD86 /* Release */ = {
			isa = XCBuildConfiguration;
			buildSettings = {
				ASSETCATALOG_COMPILER_APPICON_NAME = AppIcon;
				ASSETCATALOG_COMPILER_GLOBAL_ACCENT_COLOR_NAME = AccentColor;
				CODE_SIGN_STYLE = Automatic;
				CURRENT_PROJECT_VERSION = 1;
				DEVELOPMENT_ASSET_PATHS = "\"BullsEyeUI/Preview Content\"";
				ENABLE_PREVIEWS = YES;
				GENERATE_INFOPLIST_FILE = YES;
				INFOPLIST_KEY_UIApplicationSceneManifest_Generation = YES;
				INFOPLIST_KEY_UIApplicationSupportsIndirectInputEvents = YES;
				INFOPLIST_KEY_UILaunchScreen_Generation = YES;
				INFOPLIST_KEY_UISupportedInterfaceOrientations_iPad = "UIInterfaceOrientationPortrait UIInterfaceOrientationPortraitUpsideDown UIInterfaceOrientationLandscapeLeft UIInterfaceOrientationLandscapeRight";
				INFOPLIST_KEY_UISupportedInterfaceOrientations_iPhone = "UIInterfaceOrientationPortrait UIInterfaceOrientationLandscapeLeft UIInterfaceOrientationLandscapeRight";
				LD_RUNPATH_SEARCH_PATHS = (
					"$(inherited)",
					"@executable_path/Frameworks",
				);
				MARKETING_VERSION = 1.1;
				PRODUCT_BUNDLE_IDENTIFIER = com.raz.BullsEyeUI;
				PRODUCT_NAME = "$(TARGET_NAME)";
				SWIFT_EMIT_LOC_STRINGS = YES;
				SWIFT_VERSION = 5.0;
				TARGETED_DEVICE_FAMILY = "1,2";
			};
			name = Release;
		};
		CB46669928D7AE8000C4AD86 /* Debug */ = {
			isa = XCBuildConfiguration;
			buildSettings = {
				BUNDLE_LOADER = "$(TEST_HOST)";
				CODE_SIGN_STYLE = Automatic;
				CURRENT_PROJECT_VERSION = 1;
				GENERATE_INFOPLIST_FILE = YES;
				MARKETING_VERSION = 1.0;
				PRODUCT_BUNDLE_IDENTIFIER = com.raz.BullsEyeUITests;
				PRODUCT_NAME = "$(TARGET_NAME)";
				SWIFT_EMIT_LOC_STRINGS = NO;
				SWIFT_VERSION = 5.0;
				TARGETED_DEVICE_FAMILY = "1,2";
				TEST_HOST = "$(BUILT_PRODUCTS_DIR)/BullsEyeUI.app/BullsEyeUI";
			};
			name = Debug;
		};
		CB46669A28D7AE8000C4AD86 /* Release */ = {
			isa = XCBuildConfiguration;
			buildSettings = {
				BUNDLE_LOADER = "$(TEST_HOST)";
				CODE_SIGN_STYLE = Automatic;
				CURRENT_PROJECT_VERSION = 1;
				GENERATE_INFOPLIST_FILE = YES;
				MARKETING_VERSION = 1.0;
				PRODUCT_BUNDLE_IDENTIFIER = com.raz.BullsEyeUITests;
				PRODUCT_NAME = "$(TARGET_NAME)";
				SWIFT_EMIT_LOC_STRINGS = NO;
				SWIFT_VERSION = 5.0;
				TARGETED_DEVICE_FAMILY = "1,2";
				TEST_HOST = "$(BUILT_PRODUCTS_DIR)/BullsEyeUI.app/BullsEyeUI";
			};
			name = Release;
		};
/* End XCBuildConfiguration section */

/* Begin XCConfigurationList section */
		CB46667328D483C800C4AD86 /* Build configuration list for PBXProject "BullsEyeUI" */ = {
			isa = XCConfigurationList;
			buildConfigurations = (
				CB46668428D483C900C4AD86 /* Debug */,
				CB46668528D483C900C4AD86 /* Release */,
			);
			defaultConfigurationIsVisible = 0;
			defaultConfigurationName = Release;
		};
		CB46668628D483C900C4AD86 /* Build configuration list for PBXNativeTarget "BullsEyeUI" */ = {
			isa = XCConfigurationList;
			buildConfigurations = (
				CB46668728D483C900C4AD86 /* Debug */,
				CB46668828D483C900C4AD86 /* Release */,
			);
			defaultConfigurationIsVisible = 0;
			defaultConfigurationName = Release;
		};
		CB46669828D7AE8000C4AD86 /* Build configuration list for PBXNativeTarget "BullsEyeUITests" */ = {
			isa = XCConfigurationList;
			buildConfigurations = (
				CB46669928D7AE8000C4AD86 /* Debug */,
				CB46669A28D7AE8000C4AD86 /* Release */,
			);
			defaultConfigurationIsVisible = 0;
			defaultConfigurationName = Release;
		};
/* End XCConfigurationList section */
	};
	rootObject = CB46667028D483C800C4AD86 /* Project object */;
}
